
Microsoft Visual Studio Solution File, Format Version 12.00
# Visual Studio Version 17
VisualStudioVersion = 17.14.36401.2
MinimumVisualStudioVersion = 10.0.40219.1
Project("{2150E333-8FDC-42A3-9474-1A3956D46DE8}") = "src", "src", "{02EA681E-C7D8-13C7-8484-4AC65E1B71E8}"
EndProject
Project("{FAE04EC0-301F-11D3-BF4B-00C04F79EFBC}") = "Incidentes.Web", "Incidentes.Web\Incidentes.Web.csproj", "{B7F566E3-831F-4AFD-BFEA-86FF3DE354C7}"
EndProject
Global
	GlobalSection(SolutionConfigurationPlatforms) = preSolution
		Debug|Any CPU = Debug|Any CPU
		Release|Any CPU = Release|Any CPU
	EndGlobalSection
	GlobalSection(ProjectConfigurationPlatforms) = postSolution
		{B7F566E3-831F-4AFD-BFEA-86FF3DE354C7}.Debug|Any CPU.ActiveCfg = Debug|Any CPU
		{B7F566E3-831F-4AFD-BFEA-86FF3DE354C7}.Debug|Any CPU.Build.0 = Debug|Any CPU
		{B7F566E3-831F-4AFD-BFEA-86FF3DE354C7}.Release|Any CPU.ActiveCfg = Release|Any CPU
		{B7F566E3-831F-4AFD-BFEA-86FF3DE354C7}.Release|Any CPU.Build.0 = Release|Any CPU
	EndGlobalSection
	GlobalSection(SolutionProperties) = preSolution
		HideSolutionNode = FALSE
	EndGlobalSection
	GlobalSection(NestedProjects) = preSolution
		{B7F566E3-831F-4AFD-BFEA-86FF3DE354C7} = {02EA681E-C7D8-13C7-8484-4AC65E1B71E8}
	EndGlobalSection
	GlobalSection(ExtensibilityGlobals) = postSolution
		SolutionGuid = {FDCB7FB1-5DFE-4A4B-AE3A-B1CB03A76D14}
	EndGlobalSection
EndGlobal
